
Microsoft Visual Studio Solution File, Format Version 12.00
# Visual Studio Version 17
VisualStudioVersion = 17.9.34701.34
MinimumVisualStudioVersion = 10.0.40219.1
Project("{FAE04EC0-301F-11D3-BF4B-00C04F79EFBC}") = "AbcCompany", "AbcCompany\AbcCompany.csproj", "{CD03F5D3-E328-4911-8759-479BB737DFBF}"
EndProject
Global
	GlobalSection(SolutionConfigurationPlatforms) = preSolution
		Debug|Any CPU = Debug|Any CPU
		Release|Any CPU = Release|Any CPU
	EndGlobalSection
	GlobalSection(ProjectConfigurationPlatforms) = postSolution
		{CD03F5D3-E328-4911-8759-479BB737DFBF}.Debug|Any CPU.ActiveCfg = Debug|Any CPU
		{CD03F5D3-E328-4911-8759-479BB737DFBF}.Debug|Any CPU.Build.0 = Debug|Any CPU
		{CD03F5D3-E328-4911-8759-479BB737DFBF}.Release|Any CPU.ActiveCfg = Release|Any CPU
		{CD03F5D3-E328-4911-8759-479BB737DFBF}.Release|Any CPU.Build.0 = Release|Any CPU
	EndGlobalSection
	GlobalSection(SolutionProperties) = preSolution
		HideSolutionNode = FALSE
	EndGlobalSection
	GlobalSection(ExtensibilityGlobals) = postSolution
		SolutionGuid = {5FEA35B8-3960-4935-A606-D3CCBF4FFA62}
	EndGlobalSection
EndGlobal
